
Microsoft Visual Studio Solution File, Format Version 12.00
# Visual Studio Version 16
VisualStudioVersion = 16.0.34902.97
MinimumVisualStudioVersion = 10.0.40219.1
Project("{9A19103F-16F7-4668-BE54-9A1E7A4F7556}") = "LearnArray.Tests", "LearnArray.Tests.csproj", "{3C9C1A29-428E-4816-B3F4-EA083AC0529A}"
EndProject
Global
	GlobalSection(SolutionConfigurationPlatforms) = preSolution
		Debug|Any CPU = Debug|Any CPU
		Release|Any CPU = Release|Any CPU
	EndGlobalSection
	GlobalSection(ProjectConfigurationPlatforms) = postSolution
		{3C9C1A29-428E-4816-B3F4-EA083AC0529A}.Debug|Any CPU.ActiveCfg = Debug|Any CPU
		{3C9C1A29-428E-4816-B3F4-EA083AC0529A}.Debug|Any CPU.Build.0 = Debug|Any CPU
		{3C9C1A29-428E-4816-B3F4-EA083AC0529A}.Release|Any CPU.ActiveCfg = Release|Any CPU
		{3C9C1A29-428E-4816-B3F4-EA083AC0529A}.Release|Any CPU.Build.0 = Release|Any CPU
	EndGlobalSection
	GlobalSection(SolutionProperties) = preSolution
		HideSolutionNode = FALSE
	EndGlobalSection
	GlobalSection(ExtensibilityGlobals) = postSolution
		SolutionGuid = {3BE8F4CD-ABFE-4ED4-9C07-5A2A717F2ED0}
	EndGlobalSection
EndGlobal
