
Microsoft Visual Studio Solution File, Format Version 12.00
# Visual Studio Version 16
VisualStudioVersion = 16.0.34902.97
MinimumVisualStudioVersion = 10.0.40219.1
Global
	GlobalSection(SolutionProperties) = preSolution
		HideSolutionNode = FALSE
	EndGlobalSection
	GlobalSection(ExtensibilityGlobals) = postSolution
		        SolutionGuid = {670B42EA-9946-49DC-B16C-006D7E6EADEE}
		SolutionGuid = {D1BA3718-9C4F-4FD4-A4AC-72134E8DFCA6}
	EndGlobalSection
EndGlobal
