
Microsoft Visual Studio Solution File, Format Version 12.00
# Visual Studio Version 16
VisualStudioVersion = 25.0.1706.0
MinimumVisualStudioVersion = 10.0.40219.1
Project("{FAE04EC0-301F-11D3-BF4B-00C04F79EFBC}") = "LearnArray", "LearnArray\LearnArray.csproj", "{72CAF24F-C512-4530-B93F-894B3364BC0E}"
EndProject
Project("{FAE04EC0-301F-11D3-BF4B-00C04F79EFBC}") = "LearnArray.Tests", "LearnArray.Tests\LearnArray.Tests.csproj", "{C9D2F5E0-5D8A-421B-990E-A16299BF0206}"
EndProject
Global
	GlobalSection(SolutionConfigurationPlatforms) = preSolution
		Debug|Any CPU = Debug|Any CPU
		Release|Any CPU = Release|Any CPU
	EndGlobalSection
	GlobalSection(ProjectConfigurationPlatforms) = postSolution
		{72CAF24F-C512-4530-B93F-894B3364BC0E}.Debug|Any CPU.ActiveCfg = Debug|Any CPU
		{72CAF24F-C512-4530-B93F-894B3364BC0E}.Debug|Any CPU.Build.0 = Debug|Any CPU
		{72CAF24F-C512-4530-B93F-894B3364BC0E}.Release|Any CPU.ActiveCfg = Release|Any CPU
		{72CAF24F-C512-4530-B93F-894B3364BC0E}.Release|Any CPU.Build.0 = Release|Any CPU
		{C9D2F5E0-5D8A-421B-990E-A16299BF0206}.Debug|Any CPU.ActiveCfg = Debug|Any CPU
		{C9D2F5E0-5D8A-421B-990E-A16299BF0206}.Debug|Any CPU.Build.0 = Debug|Any CPU
		{C9D2F5E0-5D8A-421B-990E-A16299BF0206}.Release|Any CPU.ActiveCfg = Release|Any CPU
		{C9D2F5E0-5D8A-421B-990E-A16299BF0206}.Release|Any CPU.Build.0 = Release|Any CPU
	EndGlobalSection
	GlobalSection(SolutionProperties) = preSolution
		HideSolutionNode = FALSE
	EndGlobalSection
	GlobalSection(ExtensibilityGlobals) = postSolution
		SolutionGuid = {670B42EA-9946-49DC-B16C-006D7E6EADEE}
	EndGlobalSection
EndGlobal
